
Microsoft Visual Studio Solution File, Format Version 12.00
# Visual Studio Version 17
VisualStudioVersion = 17.4.33213.308
MinimumVisualStudioVersion = 10.0.40219.1
Project("{9A19103F-16F7-4668-BE54-9A1E7A4F7556}") = "univer-management.DataAccess", "src\univer-management.DataAccess\univer-management.DataAccess.csproj", "{2C7B137D-87FE-4D96-AE3D-E50E56961211}"
EndProject
Project("{9A19103F-16F7-4668-BE54-9A1E7A4F7556}") = "univer-management.Desktop", "src\univer-management.Desktop\univer-management.Desktop.csproj", "{9246E5EB-2C3E-4D56-A6C2-142A447D7CC0}"
EndProject
Project("{9A19103F-16F7-4668-BE54-9A1E7A4F7556}") = "univer-management.Domain", "src\univer-management.Domain\univer-management.Domain.csproj", "{26342025-F477-4EB0-87B1-DF80363BBFBD}"
EndProject
Project("{9A19103F-16F7-4668-BE54-9A1E7A4F7556}") = "univer-management.Service", "src\univer-management.Service\univer-management.Service.csproj", "{D2E7F772-A7AF-4AE6-B197-56B8B045324A}"
EndProject
Global
	GlobalSection(SolutionConfigurationPlatforms) = preSolution
		Debug|Any CPU = Debug|Any CPU
		Release|Any CPU = Release|Any CPU
	EndGlobalSection
	GlobalSection(ProjectConfigurationPlatforms) = postSolution
		{2C7B137D-87FE-4D96-AE3D-E50E56961211}.Debug|Any CPU.ActiveCfg = Debug|Any CPU
		{2C7B137D-87FE-4D96-AE3D-E50E56961211}.Debug|Any CPU.Build.0 = Debug|Any CPU
		{2C7B137D-87FE-4D96-AE3D-E50E56961211}.Release|Any CPU.ActiveCfg = Release|Any CPU
		{2C7B137D-87FE-4D96-AE3D-E50E56961211}.Release|Any CPU.Build.0 = Release|Any CPU
		{9246E5EB-2C3E-4D56-A6C2-142A447D7CC0}.Debug|Any CPU.ActiveCfg = Debug|Any CPU
		{9246E5EB-2C3E-4D56-A6C2-142A447D7CC0}.Debug|Any CPU.Build.0 = Debug|Any CPU
		{9246E5EB-2C3E-4D56-A6C2-142A447D7CC0}.Release|Any CPU.ActiveCfg = Release|Any CPU
		{9246E5EB-2C3E-4D56-A6C2-142A447D7CC0}.Release|Any CPU.Build.0 = Release|Any CPU
		{26342025-F477-4EB0-87B1-DF80363BBFBD}.Debug|Any CPU.ActiveCfg = Debug|Any CPU
		{26342025-F477-4EB0-87B1-DF80363BBFBD}.Debug|Any CPU.Build.0 = Debug|Any CPU
		{26342025-F477-4EB0-87B1-DF80363BBFBD}.Release|Any CPU.ActiveCfg = Release|Any CPU
		{26342025-F477-4EB0-87B1-DF80363BBFBD}.Release|Any CPU.Build.0 = Release|Any CPU
		{D2E7F772-A7AF-4AE6-B197-56B8B045324A}.Debug|Any CPU.ActiveCfg = Debug|Any CPU
		{D2E7F772-A7AF-4AE6-B197-56B8B045324A}.Debug|Any CPU.Build.0 = Debug|Any CPU
		{D2E7F772-A7AF-4AE6-B197-56B8B045324A}.Release|Any CPU.ActiveCfg = Release|Any CPU
		{D2E7F772-A7AF-4AE6-B197-56B8B045324A}.Release|Any CPU.Build.0 = Release|Any CPU
	EndGlobalSection
	GlobalSection(SolutionProperties) = preSolution
		HideSolutionNode = FALSE
	EndGlobalSection
	GlobalSection(ExtensibilityGlobals) = postSolution
		SolutionGuid = {E9A57EC0-7A47-47D6-8D91-70E95526E4AA}
	EndGlobalSection
EndGlobal
